
Microsoft Visual Studio Solution File, Format Version 12.00
# Visual Studio Version 16
VisualStudioVersion = 16.0.30711.63
MinimumVisualStudioVersion = 10.0.40219.1
Project("{9A19103F-16F7-4668-BE54-9A1E7A4F7556}") = "MathExpressionParser.ConsoleApp", "MathExpressionParser.ConsoleApp\MathExpressionParser.ConsoleApp.csproj", "{C804D8C2-91C2-4DD6-B3A3-8BE2A3433A2C}"
EndProject
Project("{9A19103F-16F7-4668-BE54-9A1E7A4F7556}") = "MathExpressionParser.Core", "MathExpressionParser.Core\MathExpressionParser.Core.csproj", "{2C1274B4-C25F-45D8-8225-EE0913507644}"
EndProject
Project("{FAE04EC0-301F-11D3-BF4B-00C04F79EFBC}") = "MathExpressionParser.Tests", "MathExpressionParser.Tests\MathExpressionParser.Tests.csproj", "{DA130E94-EAE8-40AB-BFC1-36D6B5C69C89}"
EndProject
Global
	GlobalSection(SolutionConfigurationPlatforms) = preSolution
		Debug|Any CPU = Debug|Any CPU
		Release|Any CPU = Release|Any CPU
	EndGlobalSection
	GlobalSection(ProjectConfigurationPlatforms) = postSolution
		{C804D8C2-91C2-4DD6-B3A3-8BE2A3433A2C}.Debug|Any CPU.ActiveCfg = Debug|Any CPU
		{C804D8C2-91C2-4DD6-B3A3-8BE2A3433A2C}.Debug|Any CPU.Build.0 = Debug|Any CPU
		{C804D8C2-91C2-4DD6-B3A3-8BE2A3433A2C}.Release|Any CPU.ActiveCfg = Release|Any CPU
		{C804D8C2-91C2-4DD6-B3A3-8BE2A3433A2C}.Release|Any CPU.Build.0 = Release|Any CPU
		{2C1274B4-C25F-45D8-8225-EE0913507644}.Debug|Any CPU.ActiveCfg = Debug|Any CPU
		{2C1274B4-C25F-45D8-8225-EE0913507644}.Debug|Any CPU.Build.0 = Debug|Any CPU
		{2C1274B4-C25F-45D8-8225-EE0913507644}.Release|Any CPU.ActiveCfg = Release|Any CPU
		{2C1274B4-C25F-45D8-8225-EE0913507644}.Release|Any CPU.Build.0 = Release|Any CPU
		{DA130E94-EAE8-40AB-BFC1-36D6B5C69C89}.Debug|Any CPU.ActiveCfg = Debug|Any CPU
		{DA130E94-EAE8-40AB-BFC1-36D6B5C69C89}.Debug|Any CPU.Build.0 = Debug|Any CPU
		{DA130E94-EAE8-40AB-BFC1-36D6B5C69C89}.Release|Any CPU.ActiveCfg = Release|Any CPU
		{DA130E94-EAE8-40AB-BFC1-36D6B5C69C89}.Release|Any CPU.Build.0 = Release|Any CPU
	EndGlobalSection
	GlobalSection(SolutionProperties) = preSolution
		HideSolutionNode = FALSE
	EndGlobalSection
	GlobalSection(ExtensibilityGlobals) = postSolution
		SolutionGuid = {BABB5AC3-408F-46DD-8E76-DFBF13D0F537}
	EndGlobalSection
EndGlobal
